
Microsoft Visual Studio Solution File, Format Version 12.00
# Visual Studio Version 17
VisualStudioVersion = 17.7.34031.279
MinimumVisualStudioVersion = 10.0.40219.1
Project("{8BC9CEB8-8B4A-11D0-8D11-00A0C91BC942}") = "PinMatrix", "src\PinMatrix\PinMatrix.vcxitems", "{3B0815DE-AD3D-45C5-8A15-596B46799E66}"
EndProject
Project("{8BC9CEB8-8B4A-11D0-8D11-00A0C91BC942}") = "PinMatrixTester", "test\PinMatrixTester\PinMatrixTester.vcxproj", "{BFDC21AB-116D-4F29-A507-CDDB5F9BC457}"
EndProject
Project("{2150E333-8FDC-42A3-9474-1A3956D46DE8}") = "dependencies", "dependencies", "{57571E6D-119E-4B32-A871-B3F00D7FCDA7}"
EndProject
Project("{2150E333-8FDC-42A3-9474-1A3956D46DE8}") = "test", "test", "{A2656A4F-C02C-4067-81AF-1FC5B58A8E12}"
EndProject
Project("{2150E333-8FDC-42A3-9474-1A3956D46DE8}") = "src", "src", "{75EE3630-92C7-4BCD-AB08-1D49CAC4A558}"
EndProject
Project("{2150E333-8FDC-42A3-9474-1A3956D46DE8}") = "repository", "repository", "{0EF5D921-FA42-4D2D-BB03-A4F31EF28740}"
	ProjectSection(SolutionItems) = preProject
		LICENSE = LICENSE
		README.md = README.md
	EndProjectSection
EndProject
Project("{8BC9CEB8-8B4A-11D0-8D11-00A0C91BC942}") = "BitArray", "dependencies\BitArray\src\BitArray\BitArray.vcxitems", "{E4E435A1-FC08-493B-9B1C-F18017A462D9}"
EndProject
Project("{2150E333-8FDC-42A3-9474-1A3956D46DE8}") = "examples", "examples", "{EFDD929F-10B2-4B09-AD07-9B90F4AA0B9A}"
	ProjectSection(SolutionItems) = preProject
		examples\ButtonMatrix.cpp = examples\ButtonMatrix.cpp
	EndProjectSection
EndProject
Project("{2150E333-8FDC-42A3-9474-1A3956D46DE8}") = "lib", "lib", "{6F7F6AFE-170C-47E5-906C-0F88BA4F5EBF}"
	ProjectSection(SolutionItems) = preProject
		lib\keywords.txt = lib\keywords.txt
		lib\library.properties = lib\library.properties
	EndProjectSection
EndProject
Global
	GlobalSection(SolutionConfigurationPlatforms) = preSolution
		Debug|x64 = Debug|x64
		Debug|x86 = Debug|x86
		Release|x64 = Release|x64
		Release|x86 = Release|x86
	EndGlobalSection
	GlobalSection(ProjectConfigurationPlatforms) = postSolution
		{BFDC21AB-116D-4F29-A507-CDDB5F9BC457}.Debug|x64.ActiveCfg = Debug|x64
		{BFDC21AB-116D-4F29-A507-CDDB5F9BC457}.Debug|x64.Build.0 = Debug|x64
		{BFDC21AB-116D-4F29-A507-CDDB5F9BC457}.Debug|x86.ActiveCfg = Debug|Win32
		{BFDC21AB-116D-4F29-A507-CDDB5F9BC457}.Debug|x86.Build.0 = Debug|Win32
		{BFDC21AB-116D-4F29-A507-CDDB5F9BC457}.Release|x64.ActiveCfg = Release|x64
		{BFDC21AB-116D-4F29-A507-CDDB5F9BC457}.Release|x64.Build.0 = Release|x64
		{BFDC21AB-116D-4F29-A507-CDDB5F9BC457}.Release|x86.ActiveCfg = Release|Win32
		{BFDC21AB-116D-4F29-A507-CDDB5F9BC457}.Release|x86.Build.0 = Release|Win32
	EndGlobalSection
	GlobalSection(SolutionProperties) = preSolution
		HideSolutionNode = FALSE
	EndGlobalSection
	GlobalSection(NestedProjects) = preSolution
		{3B0815DE-AD3D-45C5-8A15-596B46799E66} = {75EE3630-92C7-4BCD-AB08-1D49CAC4A558}
		{BFDC21AB-116D-4F29-A507-CDDB5F9BC457} = {A2656A4F-C02C-4067-81AF-1FC5B58A8E12}
		{E4E435A1-FC08-493B-9B1C-F18017A462D9} = {57571E6D-119E-4B32-A871-B3F00D7FCDA7}
	EndGlobalSection
	GlobalSection(ExtensibilityGlobals) = postSolution
		SolutionGuid = {15A83035-F300-414F-A512-FC3FB67D2DCE}
	EndGlobalSection
	GlobalSection(SharedMSBuildProjectFiles) = preSolution
		src\PinMatrix\PinMatrix.vcxitems*{3b0815de-ad3d-45c5-8a15-596b46799e66}*SharedItemsImports = 9
		src\PinMatrix\PinMatrix.vcxitems*{bfdc21ab-116d-4f29-a507-cddb5f9bc457}*SharedItemsImports = 4
		dependencies\BitArray\src\BitArray\BitArray.vcxitems*{e4e435a1-fc08-493b-9b1c-f18017a462d9}*SharedItemsImports = 9
	EndGlobalSection
EndGlobal
